
Microsoft Visual Studio Solution File, Format Version 12.00
# Visual Studio Version 16
VisualStudioVersion = 16.0.29306.81
MinimumVisualStudioVersion = 10.0.40219.1
Project("{FAE04EC0-301F-11D3-BF4B-00C04F79EFBC}") = "Calc", "Calc\Calc.csproj", "{303ADC12-21FA-4DB4-9320-2F35306BBAB5}"
EndProject
Project("{FAE04EC0-301F-11D3-BF4B-00C04F79EFBC}") = "CaclTest", "CaclTest\CaclTest.csproj", "{20C7A704-F216-4AB4-ADB4-3DBF36CEB8AB}"
EndProject
Global
	GlobalSection(SolutionConfigurationPlatforms) = preSolution
		Debug|Any CPU = Debug|Any CPU
		Release|Any CPU = Release|Any CPU
	EndGlobalSection
	GlobalSection(ProjectConfigurationPlatforms) = postSolution
		{303ADC12-21FA-4DB4-9320-2F35306BBAB5}.Debug|Any CPU.ActiveCfg = Debug|Any CPU
		{303ADC12-21FA-4DB4-9320-2F35306BBAB5}.Debug|Any CPU.Build.0 = Debug|Any CPU
		{303ADC12-21FA-4DB4-9320-2F35306BBAB5}.Release|Any CPU.ActiveCfg = Release|Any CPU
		{303ADC12-21FA-4DB4-9320-2F35306BBAB5}.Release|Any CPU.Build.0 = Release|Any CPU
		{20C7A704-F216-4AB4-ADB4-3DBF36CEB8AB}.Debug|Any CPU.ActiveCfg = Debug|Any CPU
		{20C7A704-F216-4AB4-ADB4-3DBF36CEB8AB}.Debug|Any CPU.Build.0 = Debug|Any CPU
		{20C7A704-F216-4AB4-ADB4-3DBF36CEB8AB}.Release|Any CPU.ActiveCfg = Release|Any CPU
		{20C7A704-F216-4AB4-ADB4-3DBF36CEB8AB}.Release|Any CPU.Build.0 = Release|Any CPU
	EndGlobalSection
	GlobalSection(SolutionProperties) = preSolution
		HideSolutionNode = FALSE
	EndGlobalSection
	GlobalSection(ExtensibilityGlobals) = postSolution
		SolutionGuid = {3594D02B-06AA-4501-8EC8-036325E415D6}
	EndGlobalSection
EndGlobal
